
Microsoft Visual Studio Solution File, Format Version 12.00
# Visual Studio Version 17
VisualStudioVersion = 17.0.31903.59
MinimumVisualStudioVersion = 10.0.40219.1
Project("{FAE04EC0-301F-11D3-BF4B-00C04F79EFBC}") = "Clases", "Clases\Clases.csproj", "{5EECA23F-5BAE-4CE1-BF36-5BE6F151199C}"
EndProject
Project("{FAE04EC0-301F-11D3-BF4B-00C04F79EFBC}") = "Test", "Test\Test.csproj", "{4C956701-AFD5-44CC-9663-4DC8759E0D33}"
EndProject
Global
	GlobalSection(SolutionConfigurationPlatforms) = preSolution
		Debug|Any CPU = Debug|Any CPU
		Release|Any CPU = Release|Any CPU
	EndGlobalSection
	GlobalSection(SolutionProperties) = preSolution
		HideSolutionNode = FALSE
	EndGlobalSection
	GlobalSection(ProjectConfigurationPlatforms) = postSolution
		{5EECA23F-5BAE-4CE1-BF36-5BE6F151199C}.Debug|Any CPU.ActiveCfg = Debug|Any CPU
		{5EECA23F-5BAE-4CE1-BF36-5BE6F151199C}.Debug|Any CPU.Build.0 = Debug|Any CPU
		{5EECA23F-5BAE-4CE1-BF36-5BE6F151199C}.Release|Any CPU.ActiveCfg = Release|Any CPU
		{5EECA23F-5BAE-4CE1-BF36-5BE6F151199C}.Release|Any CPU.Build.0 = Release|Any CPU
		{4C956701-AFD5-44CC-9663-4DC8759E0D33}.Debug|Any CPU.ActiveCfg = Debug|Any CPU
		{4C956701-AFD5-44CC-9663-4DC8759E0D33}.Debug|Any CPU.Build.0 = Debug|Any CPU
		{4C956701-AFD5-44CC-9663-4DC8759E0D33}.Release|Any CPU.ActiveCfg = Release|Any CPU
		{4C956701-AFD5-44CC-9663-4DC8759E0D33}.Release|Any CPU.Build.0 = Release|Any CPU
	EndGlobalSection
EndGlobal
